// !$*UTF8*$!
{
	archiveVersion = 1;
	classes = {
	};
	objectVersion = 46;
	objects = {

/* Begin PBXBuildFile section */
		981AEB6A1A5C0F77004DAA3C /* GoogleMaps.framework in Frameworks */ = {isa = PBXBuildFile; fileRef = 981AEB691A5C0F77004DAA3C /* GoogleMaps.framework */; };
		981AEB6C1A5C0FE6004DAA3C /* AVFoundation.framework in Frameworks */ = {isa = PBXBuildFile; fileRef = 981AEB6B1A5C0FE6004DAA3C /* AVFoundation.framework */; };
		981AEB6E1A5C0FF1004DAA3C /* CoreData.framework in Frameworks */ = {isa = PBXBuildFile; fileRef = 981AEB6D1A5C0FF1004DAA3C /* CoreData.framework */; };
		981AEB701A5C0FFE004DAA3C /* CoreLocation.framework in Frameworks */ = {isa = PBXBuildFile; fileRef = 981AEB6F1A5C0FFE004DAA3C /* CoreLocation.framework */; };
		981AEB721A5C100F004DAA3C /* libc++.dylib in Frameworks */ = {isa = PBXBuildFile; fileRef = 981AEB711A5C100F004DAA3C /* libc++.dylib */; };
		981AEB741A5C101C004DAA3C /* CoreText.framework in Frameworks */ = {isa = PBXBuildFile; fileRef = 981AEB731A5C101C004DAA3C /* CoreText.framework */; };
		981AEB761A5C1024004DAA3C /* GLKit.framework in Frameworks */ = {isa = PBXBuildFile; fileRef = 981AEB751A5C1024004DAA3C /* GLKit.framework */; };
		981AEB781A5C1068004DAA3C /* ImageIO.framework in Frameworks */ = {isa = PBXBuildFile; fileRef = 981AEB771A5C1068004DAA3C /* ImageIO.framework */; };
		981AEB7A1A5C1073004DAA3C /* libicucore.dylib in Frameworks */ = {isa = PBXBuildFile; fileRef = 981AEB791A5C1073004DAA3C /* libicucore.dylib */; };
		981AEB7C1A5C107C004DAA3C /* libz.dylib in Frameworks */ = {isa = PBXBuildFile; fileRef = 981AEB7B1A5C107C004DAA3C /* libz.dylib */; };
		981AEB7E1A5C1083004DAA3C /* OpenGLES.framework in Frameworks */ = {isa = PBXBuildFile; fileRef = 981AEB7D1A5C1083004DAA3C /* OpenGLES.framework */; };
		981AEB801A5C108A004DAA3C /* QuartzCore.framework in Frameworks */ = {isa = PBXBuildFile; fileRef = 981AEB7F1A5C108A004DAA3C /* QuartzCore.framework */; };
		981AEB821A5C1091004DAA3C /* SystemConfiguration.framework in Frameworks */ = {isa = PBXBuildFile; fileRef = 981AEB811A5C1091004DAA3C /* SystemConfiguration.framework */; };
		981AEB8B1A5C15C2004DAA3C /* Config.swift in Sources */ = {isa = PBXBuildFile; fileRef = 981AEB8A1A5C15C2004DAA3C /* Config.swift */; };
		981AEB901A5C7102004DAA3C /* MapViewController.swift in Sources */ = {isa = PBXBuildFile; fileRef = 981AEB8F1A5C7102004DAA3C /* MapViewController.swift */; };
		981AEB921A5C762C004DAA3C /* NavigationController.swift in Sources */ = {isa = PBXBuildFile; fileRef = 981AEB911A5C762C004DAA3C /* NavigationController.swift */; };
		981AEB941A5C7AAF004DAA3C /* GoogleMaps.bundle in Resources */ = {isa = PBXBuildFile; fileRef = 981AEB931A5C7AAF004DAA3C /* GoogleMaps.bundle */; };
		981D5AC41A35F5FF00CEE84B /* Alamofire.framework in Copy Frameworks */ = {isa = PBXBuildFile; fileRef = 98C829071A351F1800335B92 /* Alamofire.framework */; settings = {ATTRIBUTES = (CodeSignOnCopy, RemoveHeadersOnCopy, ); }; };
		98C828E21A350E3300335B92 /* AppDelegate.swift in Sources */ = {isa = PBXBuildFile; fileRef = 98C828E11A350E3300335B92 /* AppDelegate.swift */; };
		98C828E41A350E3300335B92 /* ViewController.swift in Sources */ = {isa = PBXBuildFile; fileRef = 98C828E31A350E3300335B92 /* ViewController.swift */; };
		98C828E71A350E3300335B92 /* Main.storyboard in Resources */ = {isa = PBXBuildFile; fileRef = 98C828E51A350E3300335B92 /* Main.storyboard */; };
		98C828E91A350E3300335B92 /* Images.xcassets in Resources */ = {isa = PBXBuildFile; fileRef = 98C828E81A350E3300335B92 /* Images.xcassets */; };
		98C828EC1A350E3300335B92 /* LaunchScreen.xib in Resources */ = {isa = PBXBuildFile; fileRef = 98C828EA1A350E3300335B92 /* LaunchScreen.xib */; };
		98C828F81A350E3300335B92 /* JiraffLogisticsLoginTests.swift in Sources */ = {isa = PBXBuildFile; fileRef = 98C828F71A350E3300335B92 /* JiraffLogisticsLoginTests.swift */; };
		98C8290D1A3522A200335B92 /* credentials.plist in Resources */ = {isa = PBXBuildFile; fileRef = 98C8290C1A3522A200335B92 /* credentials.plist */; };
/* End PBXBuildFile section */

/* Begin PBXContainerItemProxy section */
		98C828F21A350E3300335B92 /* PBXContainerItemProxy */ = {
			isa = PBXContainerItemProxy;
			containerPortal = 98C828D41A350E3300335B92 /* Project object */;
			proxyType = 1;
			remoteGlobalIDString = 98C828DB1A350E3300335B92;
			remoteInfo = JiraffLogisticsLogin;
		};
		98C829061A351F1800335B92 /* PBXContainerItemProxy */ = {
			isa = PBXContainerItemProxy;
			containerPortal = 98C829011A351F1700335B92 /* Alamofire.xcodeproj */;
			proxyType = 2;
			remoteGlobalIDString = F8111E3319A95C8B0040E7D1;
			remoteInfo = Alamofire;
		};
		98C829081A351F1800335B92 /* PBXContainerItemProxy */ = {
			isa = PBXContainerItemProxy;
			containerPortal = 98C829011A351F1700335B92 /* Alamofire.xcodeproj */;
			proxyType = 2;
			remoteGlobalIDString = F8111E3E19A95C8B0040E7D1;
			remoteInfo = AlamofireTests;
		};
		98C8290A1A35213D00335B92 /* PBXContainerItemProxy */ = {
			isa = PBXContainerItemProxy;
			containerPortal = 98C829011A351F1700335B92 /* Alamofire.xcodeproj */;
			proxyType = 1;
			remoteGlobalIDString = F8111E3219A95C8B0040E7D1;
			remoteInfo = Alamofire;
		};
/* End PBXContainerItemProxy section */

/* Begin PBXCopyFilesBuildPhase section */
		981D5AC21A35F5D600CEE84B /* Copy Frameworks */ = {
			isa = PBXCopyFilesBuildPhase;
			buildActionMask = 2147483647;
			dstPath = "";
			dstSubfolderSpec = 10;
			files = (
				981D5AC41A35F5FF00CEE84B /* Alamofire.framework in Copy Frameworks */,
			);
			name = "Copy Frameworks";
			runOnlyForDeploymentPostprocessing = 0;
		};
/* End PBXCopyFilesBuildPhase section */

/* Begin PBXFileReference section */
		981AEB691A5C0F77004DAA3C /* GoogleMaps.framework */ = {isa = PBXFileReference; lastKnownFileType = wrapper.framework; path = GoogleMaps.framework; sourceTree = "<group>"; };
		981AEB6B1A5C0FE6004DAA3C /* AVFoundation.framework */ = {isa = PBXFileReference; lastKnownFileType = wrapper.framework; name = AVFoundation.framework; path = System/Library/Frameworks/AVFoundation.framework; sourceTree = SDKROOT; };
		981AEB6D1A5C0FF1004DAA3C /* CoreData.framework */ = {isa = PBXFileReference; lastKnownFileType = wrapper.framework; name = CoreData.framework; path = System/Library/Frameworks/CoreData.framework; sourceTree = SDKROOT; };
		981AEB6F1A5C0FFE004DAA3C /* CoreLocation.framework */ = {isa = PBXFileReference; lastKnownFileType = wrapper.framework; name = CoreLocation.framework; path = System/Library/Frameworks/CoreLocation.framework; sourceTree = SDKROOT; };
		981AEB711A5C100F004DAA3C /* libc++.dylib */ = {isa = PBXFileReference; lastKnownFileType = "compiled.mach-o.dylib"; name = "libc++.dylib"; path = "usr/lib/libc++.dylib"; sourceTree = SDKROOT; };
		981AEB731A5C101C004DAA3C /* CoreText.framework */ = {isa = PBXFileReference; lastKnownFileType = wrapper.framework; name = CoreText.framework; path = System/Library/Frameworks/CoreText.framework; sourceTree = SDKROOT; };
		981AEB751A5C1024004DAA3C /* GLKit.framework */ = {isa = PBXFileReference; lastKnownFileType = wrapper.framework; name = GLKit.framework; path = System/Library/Frameworks/GLKit.framework; sourceTree = SDKROOT; };
		981AEB771A5C1068004DAA3C /* ImageIO.framework */ = {isa = PBXFileReference; lastKnownFileType = wrapper.framework; name = ImageIO.framework; path = System/Library/Frameworks/ImageIO.framework; sourceTree = SDKROOT; };
		981AEB791A5C1073004DAA3C /* libicucore.dylib */ = {isa = PBXFileReference; lastKnownFileType = "compiled.mach-o.dylib"; name = libicucore.dylib; path = usr/lib/libicucore.dylib; sourceTree = SDKROOT; };
		981AEB7B1A5C107C004DAA3C /* libz.dylib */ = {isa = PBXFileReference; lastKnownFileType = "compiled.mach-o.dylib"; name = libz.dylib; path = usr/lib/libz.dylib; sourceTree = SDKROOT; };
		981AEB7D1A5C1083004DAA3C /* OpenGLES.framework */ = {isa = PBXFileReference; lastKnownFileType = wrapper.framework; name = OpenGLES.framework; path = System/Library/Frameworks/OpenGLES.framework; sourceTree = SDKROOT; };
		981AEB7F1A5C108A004DAA3C /* QuartzCore.framework */ = {isa = PBXFileReference; lastKnownFileType = wrapper.framework; name = QuartzCore.framework; path = System/Library/Frameworks/QuartzCore.framework; sourceTree = SDKROOT; };
		981AEB811A5C1091004DAA3C /* SystemConfiguration.framework */ = {isa = PBXFileReference; lastKnownFileType = wrapper.framework; name = SystemConfiguration.framework; path = System/Library/Frameworks/SystemConfiguration.framework; sourceTree = SDKROOT; };
		981AEB831A5C14BD004DAA3C /* JiraffLogisticsLogin-Bridging-Header.h */ = {isa = PBXFileReference; lastKnownFileType = sourcecode.c.h; path = "JiraffLogisticsLogin-Bridging-Header.h"; sourceTree = "<group>"; };
		981AEB8A1A5C15C2004DAA3C /* Config.swift */ = {isa = PBXFileReference; fileEncoding = 4; lastKnownFileType = sourcecode.swift; path = Config.swift; sourceTree = "<group>"; };
		981AEB8F1A5C7102004DAA3C /* MapViewController.swift */ = {isa = PBXFileReference; fileEncoding = 4; lastKnownFileType = sourcecode.swift; path = MapViewController.swift; sourceTree = "<group>"; };
		981AEB911A5C762C004DAA3C /* NavigationController.swift */ = {isa = PBXFileReference; fileEncoding = 4; lastKnownFileType = sourcecode.swift; path = NavigationController.swift; sourceTree = "<group>"; };
		981AEB931A5C7AAF004DAA3C /* GoogleMaps.bundle */ = {isa = PBXFileReference; lastKnownFileType = "wrapper.plug-in"; name = GoogleMaps.bundle; path = GoogleMaps.framework/Versions/A/Resources/GoogleMaps.bundle; sourceTree = "<group>"; };
		98C828DC1A350E3300335B92 /* JiraffLogisticsLogin.app */ = {isa = PBXFileReference; explicitFileType = wrapper.application; includeInIndex = 0; path = JiraffLogisticsLogin.app; sourceTree = BUILT_PRODUCTS_DIR; };
		98C828E01A350E3300335B92 /* Info.plist */ = {isa = PBXFileReference; lastKnownFileType = text.plist.xml; path = Info.plist; sourceTree = "<group>"; };
		98C828E11A350E3300335B92 /* AppDelegate.swift */ = {isa = PBXFileReference; lastKnownFileType = sourcecode.swift; path = AppDelegate.swift; sourceTree = "<group>"; };
		98C828E31A350E3300335B92 /* ViewController.swift */ = {isa = PBXFileReference; lastKnownFileType = sourcecode.swift; path = ViewController.swift; sourceTree = "<group>"; };
		98C828E61A350E3300335B92 /* Base */ = {isa = PBXFileReference; lastKnownFileType = file.storyboard; name = Base; path = Base.lproj/Main.storyboard; sourceTree = "<group>"; };
		98C828E81A350E3300335B92 /* Images.xcassets */ = {isa = PBXFileReference; lastKnownFileType = folder.assetcatalog; path = Images.xcassets; sourceTree = "<group>"; };
		98C828EB1A350E3300335B92 /* Base */ = {isa = PBXFileReference; lastKnownFileType = file.xib; name = Base; path = Base.lproj/LaunchScreen.xib; sourceTree = "<group>"; };
		98C828F11A350E3300335B92 /* JiraffLogisticsLoginTests.xctest */ = {isa = PBXFileReference; explicitFileType = wrapper.cfbundle; includeInIndex = 0; path = JiraffLogisticsLoginTests.xctest; sourceTree = BUILT_PRODUCTS_DIR; };
		98C828F61A350E3300335B92 /* Info.plist */ = {isa = PBXFileReference; lastKnownFileType = text.plist.xml; path = Info.plist; sourceTree = "<group>"; };
		98C828F71A350E3300335B92 /* JiraffLogisticsLoginTests.swift */ = {isa = PBXFileReference; lastKnownFileType = sourcecode.swift; path = JiraffLogisticsLoginTests.swift; sourceTree = "<group>"; };
		98C829011A351F1700335B92 /* Alamofire.xcodeproj */ = {isa = PBXFileReference; lastKnownFileType = "wrapper.pb-project"; name = Alamofire.xcodeproj; path = Alamofire/Alamofire.xcodeproj; sourceTree = "<group>"; };
		98C8290C1A3522A200335B92 /* credentials.plist */ = {isa = PBXFileReference; fileEncoding = 4; lastKnownFileType = text.plist.xml; name = credentials.plist; path = ../credentials.plist; sourceTree = "<group>"; };
/* End PBXFileReference section */

/* Begin PBXFrameworksBuildPhase section */
		98C828D91A350E3300335B92 /* Frameworks */ = {
			isa = PBXFrameworksBuildPhase;
			buildActionMask = 2147483647;
			files = (
				981AEB821A5C1091004DAA3C /* SystemConfiguration.framework in Frameworks */,
				981AEB801A5C108A004DAA3C /* QuartzCore.framework in Frameworks */,
				981AEB7E1A5C1083004DAA3C /* OpenGLES.framework in Frameworks */,
				981AEB7C1A5C107C004DAA3C /* libz.dylib in Frameworks */,
				981AEB7A1A5C1073004DAA3C /* libicucore.dylib in Frameworks */,
				981AEB781A5C1068004DAA3C /* ImageIO.framework in Frameworks */,
				981AEB761A5C1024004DAA3C /* GLKit.framework in Frameworks */,
				981AEB741A5C101C004DAA3C /* CoreText.framework in Frameworks */,
				981AEB721A5C100F004DAA3C /* libc++.dylib in Frameworks */,
				981AEB701A5C0FFE004DAA3C /* CoreLocation.framework in Frameworks */,
				981AEB6E1A5C0FF1004DAA3C /* CoreData.framework in Frameworks */,
				981AEB6C1A5C0FE6004DAA3C /* AVFoundation.framework in Frameworks */,
				981AEB6A1A5C0F77004DAA3C /* GoogleMaps.framework in Frameworks */,
			);
			runOnlyForDeploymentPostprocessing = 0;
		};
		98C828EE1A350E3300335B92 /* Frameworks */ = {
			isa = PBXFrameworksBuildPhase;
			buildActionMask = 2147483647;
			files = (
			);
			runOnlyForDeploymentPostprocessing = 0;
		};
/* End PBXFrameworksBuildPhase section */

/* Begin PBXGroup section */
		981AEB661A5C0F0C004DAA3C /* Frameworks */ = {
			isa = PBXGroup;
			children = (
				981AEB931A5C7AAF004DAA3C /* GoogleMaps.bundle */,
				981AEB811A5C1091004DAA3C /* SystemConfiguration.framework */,
				981AEB7F1A5C108A004DAA3C /* QuartzCore.framework */,
				981AEB7D1A5C1083004DAA3C /* OpenGLES.framework */,
				981AEB7B1A5C107C004DAA3C /* libz.dylib */,
				981AEB791A5C1073004DAA3C /* libicucore.dylib */,
				981AEB771A5C1068004DAA3C /* ImageIO.framework */,
				981AEB751A5C1024004DAA3C /* GLKit.framework */,
				981AEB731A5C101C004DAA3C /* CoreText.framework */,
				981AEB711A5C100F004DAA3C /* libc++.dylib */,
				981AEB6F1A5C0FFE004DAA3C /* CoreLocation.framework */,
				981AEB6D1A5C0FF1004DAA3C /* CoreData.framework */,
				981AEB6B1A5C0FE6004DAA3C /* AVFoundation.framework */,
				981AEB691A5C0F77004DAA3C /* GoogleMaps.framework */,
			);
			name = Frameworks;
			sourceTree = "<group>";
		};
		981AEB861A5C1565004DAA3C /* Controllers */ = {
			isa = PBXGroup;
			children = (
				98C828E31A350E3300335B92 /* ViewController.swift */,
				981AEB8F1A5C7102004DAA3C /* MapViewController.swift */,
				981AEB911A5C762C004DAA3C /* NavigationController.swift */,
			);
			name = Controllers;
			sourceTree = "<group>";
		};
		981AEB871A5C1577004DAA3C /* Views */ = {
			isa = PBXGroup;
			children = (
				98C828E51A350E3300335B92 /* Main.storyboard */,
			);
			name = Views;
			sourceTree = "<group>";
		};
		981AEB881A5C157E004DAA3C /* Models */ = {
			isa = PBXGroup;
			children = (
			);
			name = Models;
			sourceTree = "<group>";
		};
		981AEB891A5C1594004DAA3C /* Assets */ = {
			isa = PBXGroup;
			children = (
				98C828E81A350E3300335B92 /* Images.xcassets */,
			);
			name = Assets;
			sourceTree = "<group>";
		};
		981AEB8E1A5C6279004DAA3C /* Resources */ = {
			isa = PBXGroup;
			children = (
				98C8290C1A3522A200335B92 /* credentials.plist */,
			);
			name = Resources;
			sourceTree = "<group>";
		};
		98C828D31A350E3300335B92 = {
			isa = PBXGroup;
			children = (
				981AEB661A5C0F0C004DAA3C /* Frameworks */,
				98C828DE1A350E3300335B92 /* JiraffLogisticsLogin */,
				98C828F41A350E3300335B92 /* JiraffLogisticsLoginTests */,
				98C828DD1A350E3300335B92 /* Products */,
				98C829011A351F1700335B92 /* Alamofire.xcodeproj */,
				981AEB831A5C14BD004DAA3C /* JiraffLogisticsLogin-Bridging-Header.h */,
			);
			sourceTree = "<group>";
		};
		98C828DD1A350E3300335B92 /* Products */ = {
			isa = PBXGroup;
			children = (
				98C828DC1A350E3300335B92 /* JiraffLogisticsLogin.app */,
				98C828F11A350E3300335B92 /* JiraffLogisticsLoginTests.xctest */,
			);
			name = Products;
			sourceTree = "<group>";
		};
		98C828DE1A350E3300335B92 /* JiraffLogisticsLogin */ = {
			isa = PBXGroup;
			children = (
				981AEB8E1A5C6279004DAA3C /* Resources */,
				981AEB891A5C1594004DAA3C /* Assets */,
				981AEB881A5C157E004DAA3C /* Models */,
				981AEB871A5C1577004DAA3C /* Views */,
				981AEB861A5C1565004DAA3C /* Controllers */,
				98C828E11A350E3300335B92 /* AppDelegate.swift */,
				98C828EA1A350E3300335B92 /* LaunchScreen.xib */,
				98C828DF1A350E3300335B92 /* Supporting Files */,
				981AEB8A1A5C15C2004DAA3C /* Config.swift */,
			);
			path = JiraffLogisticsLogin;
			sourceTree = "<group>";
		};
		98C828DF1A350E3300335B92 /* Supporting Files */ = {
			isa = PBXGroup;
			children = (
				98C828E01A350E3300335B92 /* Info.plist */,
			);
			name = "Supporting Files";
			sourceTree = "<group>";
		};
		98C828F41A350E3300335B92 /* JiraffLogisticsLoginTests */ = {
			isa = PBXGroup;
			children = (
				98C828F71A350E3300335B92 /* JiraffLogisticsLoginTests.swift */,
				98C828F51A350E3300335B92 /* Supporting Files */,
			);
			path = JiraffLogisticsLoginTests;
			sourceTree = "<group>";
		};
		98C828F51A350E3300335B92 /* Supporting Files */ = {
			isa = PBXGroup;
			children = (
				98C828F61A350E3300335B92 /* Info.plist */,
			);
			name = "Supporting Files";
			sourceTree = "<group>";
		};
		98C829021A351F1700335B92 /* Products */ = {
			isa = PBXGroup;
			children = (
				98C829071A351F1800335B92 /* Alamofire.framework */,
				98C829091A351F1800335B92 /* AlamofireTests.xctest */,
			);
			name = Products;
			sourceTree = "<group>";
		};
/* End PBXGroup section */

/* Begin PBXNativeTarget section */
		98C828DB1A350E3300335B92 /* JiraffLogisticsLogin */ = {
			isa = PBXNativeTarget;
			buildConfigurationList = 98C828FB1A350E3300335B92 /* Build configuration list for PBXNativeTarget "JiraffLogisticsLogin" */;
			buildPhases = (
				98C828D81A350E3300335B92 /* Sources */,
				98C828D91A350E3300335B92 /* Frameworks */,
				98C828DA1A350E3300335B92 /* Resources */,
				981D5AC21A35F5D600CEE84B /* Copy Frameworks */,
			);
			buildRules = (
			);
			dependencies = (
				98C8290B1A35213D00335B92 /* PBXTargetDependency */,
			);
			name = JiraffLogisticsLogin;
			productName = JiraffLogisticsLogin;
			productReference = 98C828DC1A350E3300335B92 /* JiraffLogisticsLogin.app */;
			productType = "com.apple.product-type.application";
		};
		98C828F01A350E3300335B92 /* JiraffLogisticsLoginTests */ = {
			isa = PBXNativeTarget;
			buildConfigurationList = 98C828FE1A350E3300335B92 /* Build configuration list for PBXNativeTarget "JiraffLogisticsLoginTests" */;
			buildPhases = (
				98C828ED1A350E3300335B92 /* Sources */,
				98C828EE1A350E3300335B92 /* Frameworks */,
				98C828EF1A350E3300335B92 /* Resources */,
			);
			buildRules = (
			);
			dependencies = (
				98C828F31A350E3300335B92 /* PBXTargetDependency */,
			);
			name = JiraffLogisticsLoginTests;
			productName = JiraffLogisticsLoginTests;
			productReference = 98C828F11A350E3300335B92 /* JiraffLogisticsLoginTests.xctest */;
			productType = "com.apple.product-type.bundle.unit-test";
		};
/* End PBXNativeTarget section */

/* Begin PBXProject section */
		98C828D41A350E3300335B92 /* Project object */ = {
			isa = PBXProject;
			attributes = {
				LastUpgradeCheck = 0610;
				ORGANIZATIONNAME = "Михаил Поспелов";
				TargetAttributes = {
					98C828DB1A350E3300335B92 = {
						CreatedOnToolsVersion = 6.1.1;
					};
					98C828F01A350E3300335B92 = {
						CreatedOnToolsVersion = 6.1.1;
						TestTargetID = 98C828DB1A350E3300335B92;
					};
				};
			};
			buildConfigurationList = 98C828D71A350E3300335B92 /* Build configuration list for PBXProject "JiraffLogisticsLogin" */;
			compatibilityVersion = "Xcode 3.2";
			developmentRegion = English;
			hasScannedForEncodings = 0;
			knownRegions = (
				en,
				Base,
			);
			mainGroup = 98C828D31A350E3300335B92;
			productRefGroup = 98C828DD1A350E3300335B92 /* Products */;
			projectDirPath = "";
			projectReferences = (
				{
					ProductGroup = 98C829021A351F1700335B92 /* Products */;
					ProjectRef = 98C829011A351F1700335B92 /* Alamofire.xcodeproj */;
				},
			);
			projectRoot = "";
			targets = (
				98C828DB1A350E3300335B92 /* JiraffLogisticsLogin */,
				98C828F01A350E3300335B92 /* JiraffLogisticsLoginTests */,
			);
		};
/* End PBXProject section */

/* Begin PBXReferenceProxy section */
		98C829071A351F1800335B92 /* Alamofire.framework */ = {
			isa = PBXReferenceProxy;
			fileType = wrapper.framework;
			path = Alamofire.framework;
			remoteRef = 98C829061A351F1800335B92 /* PBXContainerItemProxy */;
			sourceTree = BUILT_PRODUCTS_DIR;
		};
		98C829091A351F1800335B92 /* AlamofireTests.xctest */ = {
			isa = PBXReferenceProxy;
			fileType = wrapper.cfbundle;
			path = AlamofireTests.xctest;
			remoteRef = 98C829081A351F1800335B92 /* PBXContainerItemProxy */;
			sourceTree = BUILT_PRODUCTS_DIR;
		};
/* End PBXReferenceProxy section */

/* Begin PBXResourcesBuildPhase section */
		98C828DA1A350E3300335B92 /* Resources */ = {
			isa = PBXResourcesBuildPhase;
			buildActionMask = 2147483647;
			files = (
				98C828E71A350E3300335B92 /* Main.storyboard in Resources */,
				98C8290D1A3522A200335B92 /* credentials.plist in Resources */,
				98C828EC1A350E3300335B92 /* LaunchScreen.xib in Resources */,
				98C828E91A350E3300335B92 /* Images.xcassets in Resources */,
				981AEB941A5C7AAF004DAA3C /* GoogleMaps.bundle in Resources */,
			);
			runOnlyForDeploymentPostprocessing = 0;
		};
		98C828EF1A350E3300335B92 /* Resources */ = {
			isa = PBXResourcesBuildPhase;
			buildActionMask = 2147483647;
			files = (
			);
			runOnlyForDeploymentPostprocessing = 0;
		};
/* End PBXResourcesBuildPhase section */

/* Begin PBXSourcesBuildPhase section */
		98C828D81A350E3300335B92 /* Sources */ = {
			isa = PBXSourcesBuildPhase;
			buildActionMask = 2147483647;
			files = (
				98C828E41A350E3300335B92 /* ViewController.swift in Sources */,
				98C828E21A350E3300335B92 /* AppDelegate.swift in Sources */,
				981AEB921A5C762C004DAA3C /* NavigationController.swift in Sources */,
				981AEB8B1A5C15C2004DAA3C /* Config.swift in Sources */,
				981AEB901A5C7102004DAA3C /* MapViewController.swift in Sources */,
			);
			runOnlyForDeploymentPostprocessing = 0;
		};
		98C828ED1A350E3300335B92 /* Sources */ = {
			isa = PBXSourcesBuildPhase;
			buildActionMask = 2147483647;
			files = (
				98C828F81A350E3300335B92 /* JiraffLogisticsLoginTests.swift in Sources */,
			);
			runOnlyForDeploymentPostprocessing = 0;
		};
/* End PBXSourcesBuildPhase section */

/* Begin PBXTargetDependency section */
		98C828F31A350E3300335B92 /* PBXTargetDependency */ = {
			isa = PBXTargetDependency;
			target = 98C828DB1A350E3300335B92 /* JiraffLogisticsLogin */;
			targetProxy = 98C828F21A350E3300335B92 /* PBXContainerItemProxy */;
		};
		98C8290B1A35213D00335B92 /* PBXTargetDependency */ = {
			isa = PBXTargetDependency;
			name = Alamofire;
			targetProxy = 98C8290A1A35213D00335B92 /* PBXContainerItemProxy */;
		};
/* End PBXTargetDependency section */

/* Begin PBXVariantGroup section */
		98C828E51A350E3300335B92 /* Main.storyboard */ = {
			isa = PBXVariantGroup;
			children = (
				98C828E61A350E3300335B92 /* Base */,
			);
			name = Main.storyboard;
			sourceTree = "<group>";
		};
		98C828EA1A350E3300335B92 /* LaunchScreen.xib */ = {
			isa = PBXVariantGroup;
			children = (
				98C828EB1A350E3300335B92 /* Base */,
			);
			name = LaunchScreen.xib;
			sourceTree = "<group>";
		};
/* End PBXVariantGroup section */

/* Begin XCBuildConfiguration section */
		98C828F91A350E3300335B92 /* Debug */ = {
			isa = XCBuildConfiguration;
			buildSettings = {
				ALWAYS_SEARCH_USER_PATHS = NO;
				CLANG_CXX_LANGUAGE_STANDARD = "gnu++0x";
				CLANG_CXX_LIBRARY = "libc++";
				CLANG_ENABLE_MODULES = YES;
				CLANG_ENABLE_OBJC_ARC = YES;
				CLANG_WARN_BOOL_CONVERSION = YES;
				CLANG_WARN_CONSTANT_CONVERSION = YES;
				CLANG_WARN_DIRECT_OBJC_ISA_USAGE = YES_ERROR;
				CLANG_WARN_EMPTY_BODY = YES;
				CLANG_WARN_ENUM_CONVERSION = YES;
				CLANG_WARN_INT_CONVERSION = YES;
				CLANG_WARN_OBJC_ROOT_CLASS = YES_ERROR;
				CLANG_WARN_UNREACHABLE_CODE = YES;
				CLANG_WARN__DUPLICATE_METHOD_MATCH = YES;
				"CODE_SIGN_IDENTITY[sdk=iphoneos*]" = "iPhone Developer";
				COPY_PHASE_STRIP = NO;
				ENABLE_STRICT_OBJC_MSGSEND = YES;
				GCC_C_LANGUAGE_STANDARD = gnu99;
				GCC_DYNAMIC_NO_PIC = NO;
				GCC_OPTIMIZATION_LEVEL = 0;
				GCC_PREPROCESSOR_DEFINITIONS = (
					"DEBUG=1",
					"$(inherited)",
				);
				GCC_SYMBOLS_PRIVATE_EXTERN = NO;
				GCC_WARN_64_TO_32_BIT_CONVERSION = YES;
				GCC_WARN_ABOUT_RETURN_TYPE = YES_ERROR;
				GCC_WARN_UNDECLARED_SELECTOR = YES;
				GCC_WARN_UNINITIALIZED_AUTOS = YES_AGGRESSIVE;
				GCC_WARN_UNUSED_FUNCTION = YES;
				GCC_WARN_UNUSED_VARIABLE = YES;
				IPHONEOS_DEPLOYMENT_TARGET = 8.1;
				MTL_ENABLE_DEBUG_INFO = YES;
				ONLY_ACTIVE_ARCH = YES;
				SDKROOT = iphoneos;
				SWIFT_OPTIMIZATION_LEVEL = "-Onone";
				TARGETED_DEVICE_FAMILY = "1,2";
			};
			name = Debug;
		};
		98C828FA1A350E3300335B92 /* Release */ = {
			isa = XCBuildConfiguration;
			buildSettings = {
				ALWAYS_SEARCH_USER_PATHS = NO;
				CLANG_CXX_LANGUAGE_STANDARD = "gnu++0x";
				CLANG_CXX_LIBRARY = "libc++";
				CLANG_ENABLE_MODULES = YES;
				CLANG_ENABLE_OBJC_ARC = YES;
				CLANG_WARN_BOOL_CONVERSION = YES;
				CLANG_WARN_CONSTANT_CONVERSION = YES;
				CLANG_WARN_DIRECT_OBJC_ISA_USAGE = YES_ERROR;
				CLANG_WARN_EMPTY_BODY = YES;
				CLANG_WARN_ENUM_CONVERSION = YES;
				CLANG_WARN_INT_CONVERSION = YES;
				CLANG_WARN_OBJC_ROOT_CLASS = YES_ERROR;
				CLANG_WARN_UNREACHABLE_CODE = YES;
				CLANG_WARN__DUPLICATE_METHOD_MATCH = YES;
				"CODE_SIGN_IDENTITY[sdk=iphoneos*]" = "iPhone Developer";
				COPY_PHASE_STRIP = YES;
				ENABLE_NS_ASSERTIONS = NO;
				ENABLE_STRICT_OBJC_MSGSEND = YES;
				GCC_C_LANGUAGE_STANDARD = gnu99;
				GCC_WARN_64_TO_32_BIT_CONVERSION = YES;
				GCC_WARN_ABOUT_RETURN_TYPE = YES_ERROR;
				GCC_WARN_UNDECLARED_SELECTOR = YES;
				GCC_WARN_UNINITIALIZED_AUTOS = YES_AGGRESSIVE;
				GCC_WARN_UNUSED_FUNCTION = YES;
				GCC_WARN_UNUSED_VARIABLE = YES;
				IPHONEOS_DEPLOYMENT_TARGET = 8.1;
				MTL_ENABLE_DEBUG_INFO = NO;
				SDKROOT = iphoneos;
				TARGETED_DEVICE_FAMILY = "1,2";
				VALIDATE_PRODUCT = YES;
			};
			name = Release;
		};
		98C828FC1A350E3300335B92 /* Debug */ = {
			isa = XCBuildConfiguration;
			buildSettings = {
				ASSETCATALOG_COMPILER_APPICON_NAME = AppIcon;
				CLANG_ENABLE_MODULES = YES;
				FRAMEWORK_SEARCH_PATHS = (
					"$(inherited)",
					"/Users/mihailpospelov/Downloads/GoogleMaps-iOS-1.9.1",
					"$(PROJECT_DIR)",
				);
				INFOPLIST_FILE = JiraffLogisticsLogin/Info.plist;
				IPHONEOS_DEPLOYMENT_TARGET = 8.1;
				LD_RUNPATH_SEARCH_PATHS = "$(inherited) @executable_path/Frameworks";
				OTHER_LDFLAGS = "-ObjC";
				PRODUCT_NAME = "$(TARGET_NAME)";
				SWIFT_OBJC_BRIDGING_HEADER = "JiraffLogisticsLogin-Bridging-Header.h";
				SWIFT_OPTIMIZATION_LEVEL = "-Onone";
			};
			name = Debug;
		};
		98C828FD1A350E3300335B92 /* Release */ = {
			isa = XCBuildConfiguration;
			buildSettings = {
				ASSETCATALOG_COMPILER_APPICON_NAME = AppIcon;
				CLANG_ENABLE_MODULES = YES;
				FRAMEWORK_SEARCH_PATHS = (
					"$(inherited)",
					"/Users/mihailpospelov/Downloads/GoogleMaps-iOS-1.9.1",
					"$(PROJECT_DIR)",
				);
				INFOPLIST_FILE = JiraffLogisticsLogin/Info.plist;
				IPHONEOS_DEPLOYMENT_TARGET = 8.1;
				LD_RUNPATH_SEARCH_PATHS = "$(inherited) @executable_path/Frameworks";
				OTHER_LDFLAGS = "-ObjC";
				PRODUCT_NAME = "$(TARGET_NAME)";
				SWIFT_OBJC_BRIDGING_HEADER = "JiraffLogisticsLogin-Bridging-Header.h";
			};
			name = Release;
		};
		98C828FF1A350E3300335B92 /* Debug */ = {
			isa = XCBuildConfiguration;
			buildSettings = {
				BUNDLE_LOADER = "$(TEST_HOST)";
				FRAMEWORK_SEARCH_PATHS = (
					"$(SDKROOT)/Developer/Library/Frameworks",
					"$(inherited)",
				);
				GCC_PREPROCESSOR_DEFINITIONS = (
					"DEBUG=1",
					"$(inherited)",
				);
				INFOPLIST_FILE = JiraffLogisticsLoginTests/Info.plist;
				LD_RUNPATH_SEARCH_PATHS = "$(inherited) @executable_path/Frameworks @loader_path/Frameworks";
				PRODUCT_NAME = "$(TARGET_NAME)";
				TEST_HOST = "$(BUILT_PRODUCTS_DIR)/JiraffLogisticsLogin.app/JiraffLogisticsLogin";
			};
			name = Debug;
		};
		98C829001A350E3300335B92 /* Release */ = {
			isa = XCBuildConfiguration;
			buildSettings = {
				BUNDLE_LOADER = "$(TEST_HOST)";
				FRAMEWORK_SEARCH_PATHS = (
					"$(SDKROOT)/Developer/Library/Frameworks",
					"$(inherited)",
				);
				INFOPLIST_FILE = JiraffLogisticsLoginTests/Info.plist;
				LD_RUNPATH_SEARCH_PATHS = "$(inherited) @executable_path/Frameworks @loader_path/Frameworks";
				PRODUCT_NAME = "$(TARGET_NAME)";
				TEST_HOST = "$(BUILT_PRODUCTS_DIR)/JiraffLogisticsLogin.app/JiraffLogisticsLogin";
			};
			name = Release;
		};
/* End XCBuildConfiguration section */

/* Begin XCConfigurationList section */
		98C828D71A350E3300335B92 /* Build configuration list for PBXProject "JiraffLogisticsLogin" */ = {
			isa = XCConfigurationList;
			buildConfigurations = (
				98C828F91A350E3300335B92 /* Debug */,
				98C828FA1A350E3300335B92 /* Release */,
			);
			defaultConfigurationIsVisible = 0;
			defaultConfigurationName = Release;
		};
		98C828FB1A350E3300335B92 /* Build configuration list for PBXNativeTarget "JiraffLogisticsLogin" */ = {
			isa = XCConfigurationList;
			buildConfigurations = (
				98C828FC1A350E3300335B92 /* Debug */,
				98C828FD1A350E3300335B92 /* Release */,
			);
			defaultConfigurationIsVisible = 0;
			defaultConfigurationName = Release;
		};
		98C828FE1A350E3300335B92 /* Build configuration list for PBXNativeTarget "JiraffLogisticsLoginTests" */ = {
			isa = XCConfigurationList;
			buildConfigurations = (
				98C828FF1A350E3300335B92 /* Debug */,
				98C829001A350E3300335B92 /* Release */,
			);
			defaultConfigurationIsVisible = 0;
			defaultConfigurationName = Release;
		};
/* End XCConfigurationList section */
	};
	rootObject = 98C828D41A350E3300335B92 /* Project object */;
}
